<Solution>
  <Folder Name="/1_UI/" />
  <Folder Name="/1_UI/Cli/">
    <Project Path="Sigaba.Cli.IntegrationTest/Sigaba.Cli.IntegrationTest.csproj" Id="1e021457-f8ac-4c1d-929c-66cfb48db55f" />
    <Project Path="Sigaba.Cli.Test/Sigaba.Cli.Test.csproj" Id="690e8a45-89d9-45a3-8730-196aefe14fba" />
    <Project Path="Sigaba.Cli/Sigaba.Cli.csproj" />
  </Folder>
  <Folder Name="/2_App/">
    <Project Path="Sigaba.App.Test/Sigaba.App.Test.csproj" Id="74e1df41-31e4-40e9-bfe9-17fb8ea497d1" />
    <Project Path="Sigaba.App/Sigaba.App.csproj" Id="605781c5-76f2-46a4-b11e-5173cf641776" />
  </Folder>
  <Folder Name="/3_Modules/" />
  <Folder Name="/3_Modules/Common/">
    <Project Path="Sigaba.Common.Test/Sigaba.Common.Test.csproj" />
    <Project Path="Sigaba.Common/Sigaba.Common.csproj" />
  </Folder>
  <Folder Name="/3_Modules/Crypto/">
    <Project Path="Sigaba.Crypto.Test/Sigaba.Crypto.Test.csproj" Id="9471fed4-8468-455c-b0f2-904e462ff43d" />
    <Project Path="Sigaba.Crypto/Sigaba.Crypto.csproj" />
  </Folder>
  <Folder Name="/3_Modules/Documents/">
    <Project Path="Sigaba.Documents.Test/Sigaba.Documents.Test.csproj" />
    <Project Path="Sigaba.Documents/Sigaba.Documents.csproj" />
  </Folder>
  <Folder Name="/3_Modules/Testing/">
    <Project Path="Sigaba.Testing/Sigaba.Testing.csproj" Id="ebf10fa3-92d9-4463-83c3-82d5a763a7ea" />
  </Folder>
  <Folder Name="/_Solution items/">
    <File Path=".editorconfig" />
    <File Path=".github/workflows/cd.yml" />
    <File Path=".github/workflows/ci.yml" />
    <File Path=".gitignore" />
    <File Path=".runsettings" />
    <File Path="global.json" />
    <File Path="readme.md" />
    <File Path="testEnvironments.json" />
  </Folder>
  <File Path="Directory.Build.props" />
</Solution>